
Microsoft Visual Studio Solution File, Format Version 12.00
# Visual Studio Version 17
VisualStudioVersion = 17.4.33205.214
MinimumVisualStudioVersion = 10.0.40219.1
Project("{8BC9CEB8-8B4A-11D0-8D11-00A0C91BC942}") = "Project1", "Project1.vcxproj", "{C371165E-50F2-4957-AB3F-8068B3F26510}"
EndProject
Global
	GlobalSection(SolutionConfigurationPlatforms) = preSolution
		Debug|x64 = Debug|x64
		Debug|x86 = Debug|x86
		Release|x64 = Release|x64
		Release|x86 = Release|x86
	EndGlobalSection
	GlobalSection(ProjectConfigurationPlatforms) = postSolution
		{C371165E-50F2-4957-AB3F-8068B3F26510}.Debug|x64.ActiveCfg = Debug|x64
		{C371165E-50F2-4957-AB3F-8068B3F26510}.Debug|x64.Build.0 = Debug|x64
		{C371165E-50F2-4957-AB3F-8068B3F26510}.Debug|x86.ActiveCfg = Debug|Win32
		{C371165E-50F2-4957-AB3F-8068B3F26510}.Debug|x86.Build.0 = Debug|Win32
		{C371165E-50F2-4957-AB3F-8068B3F26510}.Release|x64.ActiveCfg = Release|x64
		{C371165E-50F2-4957-AB3F-8068B3F26510}.Release|x64.Build.0 = Release|x64
		{C371165E-50F2-4957-AB3F-8068B3F26510}.Release|x86.ActiveCfg = Release|Win32
		{C371165E-50F2-4957-AB3F-8068B3F26510}.Release|x86.Build.0 = Release|Win32
	EndGlobalSection
	GlobalSection(SolutionProperties) = preSolution
		HideSolutionNode = FALSE
	EndGlobalSection
	GlobalSection(ExtensibilityGlobals) = postSolution
		SolutionGuid = {95C6A247-5020-4873-A61D-4F788FF36F8F}
	EndGlobalSection
EndGlobal
